{
  "name": "@types/jsreport",
  "version": "1.0.1",
  "lockfileVersion": 1,
  "requires": true,
  "dependencies": {
    "@types/jsreport-chrome-pdf": {
      "version": "1.6.1",
      "resolved": "https://registry.npmjs.org/@types/jsreport-chrome-pdf/-/jsreport-chrome-pdf-1.6.1.tgz",
      "integrity": "sha512-zk+W//QqMIVoIDUcCQfjNPXkb4yeirxzgUJTj4QoTitL6dM76MCYv9fRup6nXHqbAXakYZIyKS3R/rP2Fxjm7A==",
      "requires": {
        "@types/jsreport-core": "*"
      }
    },
    "@types/jsreport-core": {
      "version": "1.5.2",
      "resolved": "https://registry.npmjs.org/@types/jsreport-core/-/jsreport-core-1.5.2.tgz",
      "integrity": "sha512-cHDDNhb027sB/j0zmRaYqNSRsvdguln4r0mNm+ryst2CftCRFcFBbVNtWVIeIck5I2JUhyji4Fjf9tz7k3SbmQ==",
      "requires": {
        "@types/node": "*"
      }
    },
    "@types/jsreport-html-to-xlsx": {
      "version": "2.0.2",
      "resolved": "https://registry.npmjs.org/@types/jsreport-html-to-xlsx/-/jsreport-html-to-xlsx-2.0.2.tgz",
      "integrity": "sha512-k/kiX//IXDQ0TINOL/N5Z6V7hDxIwxyyuJ6aIW968M3xoLWEYm8MfoCT2dEU81RUw3g5kO1cOQio3pyvhhT9Eg==",
      "requires": {
        "@types/jsreport-core": "*",
        "@types/jsreport-xlsx": "*"
      }
    },
    "@types/jsreport-jsrender": {
      "version": "1.0.1",
      "resolved": "https://registry.npmjs.org/@types/jsreport-jsrender/-/jsreport-jsrender-1.0.1.tgz",
      "integrity": "sha512-PB8I9zc7p3xLpGM+52ik5Am71td6g9kY2D7fearqzVLwSBuUCrFd46ryNzqFTl6m+qEgbWGrs2CS0v7fB4IOlQ==",
      "requires": {
        "@types/jsreport-core": "*"
      }
    },
    "@types/jsreport-xlsx": {
      "version": "1.4.1",
      "resolved": "https://registry.npmjs.org/@types/jsreport-xlsx/-/jsreport-xlsx-1.4.1.tgz",
      "integrity": "sha512-zQ6Ykwhfo9ki/9VqNxkz5ERmqT/m3QV7tgdZZKxXE4oPHlxxIMT30t7kbF+pOz0wnYHkI4EPOtryWOumKuyUZw==",
      "requires": {
        "@types/jsreport-core": "*"
      }
    },
    "@types/node": {
      "version": "14.6.0",
      "resolved": "https://registry.npmjs.org/@types/node/-/node-14.6.0.tgz",
      "integrity": "sha512-mikldZQitV94akrc4sCcSjtJfsTKt4p+e/s0AGscVA6XArQ9kFclP+ZiYUMnq987rc6QlYxXv/EivqlfSLxpKA=="
    }
  }
}
